
Microsoft Visual Studio Solution File, Format Version 12.00
# Visual Studio Version 16
VisualStudioVersion = 16.0.29613.14
MinimumVisualStudioVersion = 10.0.40219.1
Project("{FAE04EC0-301F-11D3-BF4B-00C04F79EFBC}") = "OktaTest", "OktaTest\OktaTest.csproj", "{B9F3EDF0-C33E-4FB1-8566-3F382319DD2F}"
EndProject
Global
	GlobalSection(SolutionConfigurationPlatforms) = preSolution
		Debug|Any CPU = Debug|Any CPU
		Release|Any CPU = Release|Any CPU
	EndGlobalSection
	GlobalSection(ProjectConfigurationPlatforms) = postSolution
		{B9F3EDF0-C33E-4FB1-8566-3F382319DD2F}.Debug|Any CPU.ActiveCfg = Debug|Any CPU
		{B9F3EDF0-C33E-4FB1-8566-3F382319DD2F}.Debug|Any CPU.Build.0 = Debug|Any CPU
		{B9F3EDF0-C33E-4FB1-8566-3F382319DD2F}.Release|Any CPU.ActiveCfg = Release|Any CPU
		{B9F3EDF0-C33E-4FB1-8566-3F382319DD2F}.Release|Any CPU.Build.0 = Release|Any CPU
	EndGlobalSection
	GlobalSection(SolutionProperties) = preSolution
		HideSolutionNode = FALSE
	EndGlobalSection
	GlobalSection(ExtensibilityGlobals) = postSolution
		SolutionGuid = {3CCBC9B7-E8DC-4900-9C00-97A1BB9785A4}
	EndGlobalSection
EndGlobal
